
Microsoft Visual Studio Solution File, Format Version 12.00
# Visual Studio Version 17
VisualStudioVersion = 17.0.31912.275
MinimumVisualStudioVersion = 10.0.40219.1
Project("{9A19103F-16F7-4668-BE54-9A1E7A4F7556}") = "Qwilight", "Qwilight\Qwilight.csproj", "{DC2524E7-943B-4AA6-8BB2-AE2930A9D75D}"
EndProject
Project("{8BC9CEB8-8B4A-11D0-8D11-00A0C91BC942}") = "Flint", "Flint\Flint.vcxproj", "{B884FBA6-70F9-49A1-9A87-1BC08A7B769C}"
EndProject
Project("{2150E333-8FDC-42A3-9474-1A3956D46DE8}") = "Solution Items", "Solution Items", "{4B3D349E-EBBF-407E-B292-F46D0627DAD8}"
	ProjectSection(SolutionItems) = preProject
		.editorconfig = .editorconfig
	EndProjectSection
EndProject
Project("{8BC9CEB8-8B4A-11D0-8D11-00A0C91BC942}") = "Xwindow", "Xwindow\Xwindow.vcxproj", "{40DF1CA3-B540-43F4-9302-F4663F21C466}"
EndProject
Project("{9A19103F-16F7-4668-BE54-9A1E7A4F7556}") = "Language", "Language\Language.csproj", "{95328446-0A79-406C-95E0-41174F10FB2C}"
EndProject
Project("{9A19103F-16F7-4668-BE54-9A1E7A4F7556}") = "Test", "Test\Test.csproj", "{F2BA185C-449D-4CC6-81AB-6F6D54F90FD7}"
EndProject
Project("{8BC9CEB8-8B4A-11D0-8D11-00A0C91BC942}") = "NVIDIA", "NVIDIA\NVIDIA.vcxproj", "{F4391BFA-AC83-4BDC-A552-F6CE1AAF5014}"
EndProject
Project("{9A19103F-16F7-4668-BE54-9A1E7A4F7556}") = "Compatible", "Compatible\Compatible.csproj", "{448E8FC9-B6AC-4309-A315-D6CB9B464843}"
EndProject
Project("{FAE04EC0-301F-11D3-BF4B-00C04F79EFBC}") = "Igniter", "Igniter\Igniter.csproj", "{9E9B7E8A-2617-4CCE-8431-34B97550E75B}"
EndProject
Project("{9A19103F-16F7-4668-BE54-9A1E7A4F7556}") = "LedCSharp", "LedCSharp\LedCSharp.csproj", "{DB5E7D3B-3BAC-4AD8-B434-B20BDEDDEF6E}"
EndProject
Project("{9A19103F-16F7-4668-BE54-9A1E7A4F7556}") = "ChromaSDK", "ChromaSDK\ChromaSDK.csproj", "{BBC3B632-3A18-4A09-B203-C1026F347DAB}"
EndProject
Project("{9A19103F-16F7-4668-BE54-9A1E7A4F7556}") = "FMODCoreAPI", "FMODCoreAPI\FMODCoreAPI.csproj", "{99FA193F-D634-4706-AC10-D22722B45166}"
EndProject
Project("{9A19103F-16F7-4668-BE54-9A1E7A4F7556}") = "Protobuf", "Protobuf\Protobuf.csproj", "{3CE3D6F4-0F04-495E-ACE8-B77F1811C594}"
EndProject
Global
	GlobalSection(SolutionConfigurationPlatforms) = preSolution
		Debug|ARM64 = Debug|ARM64
		Debug|x64 = Debug|x64
		Release|ARM64 = Release|ARM64
		Release|x64 = Release|x64
	EndGlobalSection
	GlobalSection(ProjectConfigurationPlatforms) = postSolution
		{DC2524E7-943B-4AA6-8BB2-AE2930A9D75D}.Debug|ARM64.ActiveCfg = Debug|ARM64
		{DC2524E7-943B-4AA6-8BB2-AE2930A9D75D}.Debug|ARM64.Build.0 = Debug|ARM64
		{DC2524E7-943B-4AA6-8BB2-AE2930A9D75D}.Debug|x64.ActiveCfg = Debug|x64
		{DC2524E7-943B-4AA6-8BB2-AE2930A9D75D}.Debug|x64.Build.0 = Debug|x64
		{DC2524E7-943B-4AA6-8BB2-AE2930A9D75D}.Release|ARM64.ActiveCfg = Release|ARM64
		{DC2524E7-943B-4AA6-8BB2-AE2930A9D75D}.Release|ARM64.Build.0 = Release|ARM64
		{DC2524E7-943B-4AA6-8BB2-AE2930A9D75D}.Release|x64.ActiveCfg = Release|x64
		{DC2524E7-943B-4AA6-8BB2-AE2930A9D75D}.Release|x64.Build.0 = Release|x64
		{B884FBA6-70F9-49A1-9A87-1BC08A7B769C}.Debug|ARM64.ActiveCfg = Debug|ARM64
		{B884FBA6-70F9-49A1-9A87-1BC08A7B769C}.Debug|ARM64.Build.0 = Debug|ARM64
		{B884FBA6-70F9-49A1-9A87-1BC08A7B769C}.Debug|x64.ActiveCfg = Debug|x64
		{B884FBA6-70F9-49A1-9A87-1BC08A7B769C}.Debug|x64.Build.0 = Debug|x64
		{B884FBA6-70F9-49A1-9A87-1BC08A7B769C}.Release|ARM64.ActiveCfg = Release|ARM64
		{B884FBA6-70F9-49A1-9A87-1BC08A7B769C}.Release|ARM64.Build.0 = Release|ARM64
		{B884FBA6-70F9-49A1-9A87-1BC08A7B769C}.Release|x64.ActiveCfg = Release|x64
		{B884FBA6-70F9-49A1-9A87-1BC08A7B769C}.Release|x64.Build.0 = Release|x64
		{40DF1CA3-B540-43F4-9302-F4663F21C466}.Debug|ARM64.ActiveCfg = Debug|ARM64
		{40DF1CA3-B540-43F4-9302-F4663F21C466}.Debug|ARM64.Build.0 = Debug|ARM64
		{40DF1CA3-B540-43F4-9302-F4663F21C466}.Debug|x64.ActiveCfg = Debug|x64
		{40DF1CA3-B540-43F4-9302-F4663F21C466}.Debug|x64.Build.0 = Debug|x64
		{40DF1CA3-B540-43F4-9302-F4663F21C466}.Release|ARM64.ActiveCfg = Release|ARM64
		{40DF1CA3-B540-43F4-9302-F4663F21C466}.Release|ARM64.Build.0 = Release|ARM64
		{40DF1CA3-B540-43F4-9302-F4663F21C466}.Release|x64.ActiveCfg = Release|x64
		{40DF1CA3-B540-43F4-9302-F4663F21C466}.Release|x64.Build.0 = Release|x64
		{95328446-0A79-406C-95E0-41174F10FB2C}.Debug|ARM64.ActiveCfg = Debug|ARM64
		{95328446-0A79-406C-95E0-41174F10FB2C}.Debug|ARM64.Build.0 = Debug|ARM64
		{95328446-0A79-406C-95E0-41174F10FB2C}.Debug|x64.ActiveCfg = Debug|x64
		{95328446-0A79-406C-95E0-41174F10FB2C}.Debug|x64.Build.0 = Debug|x64
		{95328446-0A79-406C-95E0-41174F10FB2C}.Release|ARM64.ActiveCfg = Release|ARM64
		{95328446-0A79-406C-95E0-41174F10FB2C}.Release|ARM64.Build.0 = Release|ARM64
		{95328446-0A79-406C-95E0-41174F10FB2C}.Release|x64.ActiveCfg = Release|x64
		{95328446-0A79-406C-95E0-41174F10FB2C}.Release|x64.Build.0 = Release|x64
		{F2BA185C-449D-4CC6-81AB-6F6D54F90FD7}.Debug|ARM64.ActiveCfg = Debug|ARM64
		{F2BA185C-449D-4CC6-81AB-6F6D54F90FD7}.Debug|ARM64.Build.0 = Debug|ARM64
		{F2BA185C-449D-4CC6-81AB-6F6D54F90FD7}.Debug|x64.ActiveCfg = Debug|x64
		{F2BA185C-449D-4CC6-81AB-6F6D54F90FD7}.Debug|x64.Build.0 = Debug|x64
		{F2BA185C-449D-4CC6-81AB-6F6D54F90FD7}.Release|ARM64.ActiveCfg = Release|ARM64
		{F2BA185C-449D-4CC6-81AB-6F6D54F90FD7}.Release|ARM64.Build.0 = Release|ARM64
		{F2BA185C-449D-4CC6-81AB-6F6D54F90FD7}.Release|x64.ActiveCfg = Release|x64
		{F2BA185C-449D-4CC6-81AB-6F6D54F90FD7}.Release|x64.Build.0 = Release|x64
		{F4391BFA-AC83-4BDC-A552-F6CE1AAF5014}.Debug|ARM64.ActiveCfg = Debug|ARM64
		{F4391BFA-AC83-4BDC-A552-F6CE1AAF5014}.Debug|x64.ActiveCfg = Debug|x64
		{F4391BFA-AC83-4BDC-A552-F6CE1AAF5014}.Debug|x64.Build.0 = Debug|x64
		{F4391BFA-AC83-4BDC-A552-F6CE1AAF5014}.Release|ARM64.ActiveCfg = Release|ARM64
		{F4391BFA-AC83-4BDC-A552-F6CE1AAF5014}.Release|x64.ActiveCfg = Release|x64
		{F4391BFA-AC83-4BDC-A552-F6CE1AAF5014}.Release|x64.Build.0 = Release|x64
		{448E8FC9-B6AC-4309-A315-D6CB9B464843}.Debug|ARM64.ActiveCfg = Debug|ARM64
		{448E8FC9-B6AC-4309-A315-D6CB9B464843}.Debug|ARM64.Build.0 = Debug|ARM64
		{448E8FC9-B6AC-4309-A315-D6CB9B464843}.Debug|x64.ActiveCfg = Debug|x64
		{448E8FC9-B6AC-4309-A315-D6CB9B464843}.Debug|x64.Build.0 = Debug|x64
		{448E8FC9-B6AC-4309-A315-D6CB9B464843}.Release|ARM64.ActiveCfg = Release|ARM64
		{448E8FC9-B6AC-4309-A315-D6CB9B464843}.Release|ARM64.Build.0 = Release|ARM64
		{448E8FC9-B6AC-4309-A315-D6CB9B464843}.Release|x64.ActiveCfg = Release|x64
		{448E8FC9-B6AC-4309-A315-D6CB9B464843}.Release|x64.Build.0 = Release|x64
		{9E9B7E8A-2617-4CCE-8431-34B97550E75B}.Debug|ARM64.ActiveCfg = Debug|ARM64
		{9E9B7E8A-2617-4CCE-8431-34B97550E75B}.Debug|ARM64.Build.0 = Debug|ARM64
		{9E9B7E8A-2617-4CCE-8431-34B97550E75B}.Debug|x64.ActiveCfg = Debug|x64
		{9E9B7E8A-2617-4CCE-8431-34B97550E75B}.Debug|x64.Build.0 = Debug|x64
		{9E9B7E8A-2617-4CCE-8431-34B97550E75B}.Release|ARM64.ActiveCfg = Release|ARM64
		{9E9B7E8A-2617-4CCE-8431-34B97550E75B}.Release|ARM64.Build.0 = Release|ARM64
		{9E9B7E8A-2617-4CCE-8431-34B97550E75B}.Release|x64.ActiveCfg = Release|x64
		{9E9B7E8A-2617-4CCE-8431-34B97550E75B}.Release|x64.Build.0 = Release|x64
		{DB5E7D3B-3BAC-4AD8-B434-B20BDEDDEF6E}.Debug|ARM64.ActiveCfg = Debug|ARM64
		{DB5E7D3B-3BAC-4AD8-B434-B20BDEDDEF6E}.Debug|x64.ActiveCfg = Debug|x64
		{DB5E7D3B-3BAC-4AD8-B434-B20BDEDDEF6E}.Debug|x64.Build.0 = Debug|x64
		{DB5E7D3B-3BAC-4AD8-B434-B20BDEDDEF6E}.Release|ARM64.ActiveCfg = Release|ARM64
		{DB5E7D3B-3BAC-4AD8-B434-B20BDEDDEF6E}.Release|x64.ActiveCfg = Release|x64
		{DB5E7D3B-3BAC-4AD8-B434-B20BDEDDEF6E}.Release|x64.Build.0 = Release|x64
		{BBC3B632-3A18-4A09-B203-C1026F347DAB}.Debug|ARM64.ActiveCfg = Debug|ARM64
		{BBC3B632-3A18-4A09-B203-C1026F347DAB}.Debug|x64.ActiveCfg = Debug|x64
		{BBC3B632-3A18-4A09-B203-C1026F347DAB}.Debug|x64.Build.0 = Debug|x64
		{BBC3B632-3A18-4A09-B203-C1026F347DAB}.Release|ARM64.ActiveCfg = Release|ARM64
		{BBC3B632-3A18-4A09-B203-C1026F347DAB}.Release|x64.ActiveCfg = Release|x64
		{BBC3B632-3A18-4A09-B203-C1026F347DAB}.Release|x64.Build.0 = Release|x64
		{99FA193F-D634-4706-AC10-D22722B45166}.Debug|ARM64.ActiveCfg = Debug|ARM64
		{99FA193F-D634-4706-AC10-D22722B45166}.Debug|ARM64.Build.0 = Debug|ARM64
		{99FA193F-D634-4706-AC10-D22722B45166}.Debug|x64.ActiveCfg = Debug|x64
		{99FA193F-D634-4706-AC10-D22722B45166}.Debug|x64.Build.0 = Debug|x64
		{99FA193F-D634-4706-AC10-D22722B45166}.Release|ARM64.ActiveCfg = Release|ARM64
		{99FA193F-D634-4706-AC10-D22722B45166}.Release|ARM64.Build.0 = Release|ARM64
		{99FA193F-D634-4706-AC10-D22722B45166}.Release|x64.ActiveCfg = Release|x64
		{99FA193F-D634-4706-AC10-D22722B45166}.Release|x64.Build.0 = Release|x64
		{3CE3D6F4-0F04-495E-ACE8-B77F1811C594}.Debug|ARM64.ActiveCfg = Debug|ARM64
		{3CE3D6F4-0F04-495E-ACE8-B77F1811C594}.Debug|ARM64.Build.0 = Debug|ARM64
		{3CE3D6F4-0F04-495E-ACE8-B77F1811C594}.Debug|x64.ActiveCfg = Debug|x64
		{3CE3D6F4-0F04-495E-ACE8-B77F1811C594}.Debug|x64.Build.0 = Debug|x64
		{3CE3D6F4-0F04-495E-ACE8-B77F1811C594}.Release|ARM64.ActiveCfg = Release|ARM64
		{3CE3D6F4-0F04-495E-ACE8-B77F1811C594}.Release|ARM64.Build.0 = Release|ARM64
		{3CE3D6F4-0F04-495E-ACE8-B77F1811C594}.Release|x64.ActiveCfg = Release|x64
		{3CE3D6F4-0F04-495E-ACE8-B77F1811C594}.Release|x64.Build.0 = Release|x64
	EndGlobalSection
	GlobalSection(SolutionProperties) = preSolution
		HideSolutionNode = FALSE
	EndGlobalSection
	GlobalSection(ExtensibilityGlobals) = postSolution
		SolutionGuid = {05A05012-6698-49F3-86B5-FE227ACA994A}
	EndGlobalSection
EndGlobal
